// !$*UTF8*$!
{
	archiveVersion = 1;
	classes = {
	};
	objectVersion = 48;
	objects = {

/* Begin PBXBuildFile section */
		F9C799861FE0B80600493A7E /* AlipaySDK.a in Frameworks */ = {isa = PBXBuildFile; fileRef = F9C799831FE0B80600493A7E /* AlipaySDK.a */; };
		F9C799911FE0B84E00493A7E /* TencentOpenAPI.a in Frameworks */ = {isa = PBXBuildFile; fileRef = F9C799871FE0B84E00493A7E /* TencentOpenAPI.a */; };
		F9D71F5E1FDA306300D8A12D /* libWeiboSDK.a in Frameworks */ = {isa = PBXBuildFile; fileRef = F9D71F4E1FDA306300D8A12D /* libWeiboSDK.a */; };
		F9D71F5F1FDA306300D8A12D /* RCTSuperModule.m in Sources */ = {isa = PBXBuildFile; fileRef = F9D71F531FDA306300D8A12D /* RCTSuperModule.m */; };
		F9D71F611FDA306300D8A12D /* libWeChatSDK.a in Frameworks */ = {isa = PBXBuildFile; fileRef = F9D71F581FDA306300D8A12D /* libWeChatSDK.a */; };
/* End PBXBuildFile section */

/* Begin PBXCopyFilesBuildPhase section */
		F9D71F1A1FDA2D7B00D8A12D /* CopyFiles */ = {
			isa = PBXCopyFilesBuildPhase;
			buildActionMask = 2147483647;
			dstPath = "include/$(PRODUCT_NAME)";
			dstSubfolderSpec = 16;
			files = (
			);
			runOnlyForDeploymentPostprocessing = 0;
		};
/* End PBXCopyFilesBuildPhase section */

/* Begin PBXFileReference section */
		F9C799831FE0B80600493A7E /* AlipaySDK.a */ = {isa = PBXFileReference; lastKnownFileType = archive.ar; path = AlipaySDK.a; sourceTree = "<group>"; };
		F9C799841FE0B80600493A7E /* AlipaySDK.h */ = {isa = PBXFileReference; fileEncoding = 4; lastKnownFileType = sourcecode.c.h; path = AlipaySDK.h; sourceTree = "<group>"; };
		F9C799851FE0B80600493A7E /* APayAuthInfo.h */ = {isa = PBXFileReference; fileEncoding = 4; lastKnownFileType = sourcecode.c.h; path = APayAuthInfo.h; sourceTree = "<group>"; };
		F9C799871FE0B84E00493A7E /* TencentOpenAPI.a */ = {isa = PBXFileReference; lastKnownFileType = archive.ar; path = TencentOpenAPI.a; sourceTree = "<group>"; };
		F9C799881FE0B84E00493A7E /* TencentApiInterface.h */ = {isa = PBXFileReference; fileEncoding = 4; lastKnownFileType = sourcecode.c.h; path = TencentApiInterface.h; sourceTree = "<group>"; };
		F9C799891FE0B84E00493A7E /* sdkdef.h */ = {isa = PBXFileReference; fileEncoding = 4; lastKnownFileType = sourcecode.c.h; path = sdkdef.h; sourceTree = "<group>"; };
		F9C7998A1FE0B84E00493A7E /* TencentMessageObject.h */ = {isa = PBXFileReference; fileEncoding = 4; lastKnownFileType = sourcecode.c.h; path = TencentMessageObject.h; sourceTree = "<group>"; };
		F9C7998B1FE0B84E00493A7E /* TencentOAuthObject.h */ = {isa = PBXFileReference; fileEncoding = 4; lastKnownFileType = sourcecode.c.h; path = TencentOAuthObject.h; sourceTree = "<group>"; };
		F9C7998C1FE0B84E00493A7E /* QQApiInterface.h */ = {isa = PBXFileReference; fileEncoding = 4; lastKnownFileType = sourcecode.c.h; path = QQApiInterface.h; sourceTree = "<group>"; };
		F9C7998D1FE0B84E00493A7E /* QQApiInterfaceObject.h */ = {isa = PBXFileReference; fileEncoding = 4; lastKnownFileType = sourcecode.c.h; path = QQApiInterfaceObject.h; sourceTree = "<group>"; };
		F9C7998F1FE0B84E00493A7E /* ios_open_sdk_3.2.3.501_iphone_release */ = {isa = PBXFileReference; fileEncoding = 4; lastKnownFileType = text; path = ios_open_sdk_3.2.3.501_iphone_release; sourceTree = "<group>"; };
		F9C799901FE0B84E00493A7E /* TencentOAuth.h */ = {isa = PBXFileReference; fileEncoding = 4; lastKnownFileType = sourcecode.c.h; path = TencentOAuth.h; sourceTree = "<group>"; };
		F9D71F1C1FDA2D7B00D8A12D /* libRCTSuperModule.a */ = {isa = PBXFileReference; explicitFileType = archive.ar; includeInIndex = 0; path = libRCTSuperModule.a; sourceTree = BUILT_PRODUCTS_DIR; };
		F9D71F4B1FDA306300D8A12D /* AlipaySDK.bundle */ = {isa = PBXFileReference; lastKnownFileType = "wrapper.plug-in"; path = AlipaySDK.bundle; sourceTree = "<group>"; };
		F9D71F4E1FDA306300D8A12D /* libWeiboSDK.a */ = {isa = PBXFileReference; lastKnownFileType = archive.ar; path = libWeiboSDK.a; sourceTree = "<group>"; };
		F9D71F4F1FDA306300D8A12D /* WBHttpRequest.h */ = {isa = PBXFileReference; fileEncoding = 4; lastKnownFileType = sourcecode.c.h; path = WBHttpRequest.h; sourceTree = "<group>"; };
		F9D71F501FDA306300D8A12D /* WeiboSDK.bundle */ = {isa = PBXFileReference; lastKnownFileType = "wrapper.plug-in"; path = WeiboSDK.bundle; sourceTree = "<group>"; };
		F9D71F511FDA306300D8A12D /* WeiboSDK.h */ = {isa = PBXFileReference; fileEncoding = 4; lastKnownFileType = sourcecode.c.h; path = WeiboSDK.h; sourceTree = "<group>"; };
		F9D71F521FDA306300D8A12D /* RCTSuperModule.h */ = {isa = PBXFileReference; fileEncoding = 4; lastKnownFileType = sourcecode.c.h; path = RCTSuperModule.h; sourceTree = "<group>"; };
		F9D71F531FDA306300D8A12D /* RCTSuperModule.m */ = {isa = PBXFileReference; fileEncoding = 4; lastKnownFileType = sourcecode.c.objc; path = RCTSuperModule.m; sourceTree = "<group>"; };
		F9D71F561FDA306300D8A12D /* TencentOpenApi_IOS_Bundle.bundle */ = {isa = PBXFileReference; lastKnownFileType = "wrapper.plug-in"; path = TencentOpenApi_IOS_Bundle.bundle; sourceTree = "<group>"; };
		F9D71F581FDA306300D8A12D /* libWeChatSDK.a */ = {isa = PBXFileReference; lastKnownFileType = archive.ar; path = libWeChatSDK.a; sourceTree = "<group>"; };
		F9D71F591FDA306300D8A12D /* README.txt */ = {isa = PBXFileReference; fileEncoding = 4; lastKnownFileType = text; path = README.txt; sourceTree = "<group>"; };
		F9D71F5A1FDA306300D8A12D /* WechatAuthSDK.h */ = {isa = PBXFileReference; fileEncoding = 4; lastKnownFileType = sourcecode.c.h; path = WechatAuthSDK.h; sourceTree = "<group>"; };
		F9D71F5B1FDA306300D8A12D /* WXApi.h */ = {isa = PBXFileReference; fileEncoding = 4; lastKnownFileType = sourcecode.c.h; path = WXApi.h; sourceTree = "<group>"; };
		F9D71F5C1FDA306300D8A12D /* WXApiObject.h */ = {isa = PBXFileReference; fileEncoding = 4; lastKnownFileType = sourcecode.c.h; path = WXApiObject.h; sourceTree = "<group>"; };
/* End PBXFileReference section */

/* Begin PBXFrameworksBuildPhase section */
		F9D71F191FDA2D7B00D8A12D /* Frameworks */ = {
			isa = PBXFrameworksBuildPhase;
			buildActionMask = 2147483647;
			files = (
				F9C799911FE0B84E00493A7E /* TencentOpenAPI.a in Frameworks */,
				F9C799861FE0B80600493A7E /* AlipaySDK.a in Frameworks */,
				F9D71F611FDA306300D8A12D /* libWeChatSDK.a in Frameworks */,
				F9D71F5E1FDA306300D8A12D /* libWeiboSDK.a in Frameworks */,
			);
			runOnlyForDeploymentPostprocessing = 0;
		};
/* End PBXFrameworksBuildPhase section */

/* Begin PBXGroup section */
		F9C7998E1FE0B84E00493A7E /* Resources */ = {
			isa = PBXGroup;
			children = (
				F9C7998F1FE0B84E00493A7E /* ios_open_sdk_3.2.3.501_iphone_release */,
			);
			path = Resources;
			sourceTree = "<group>";
		};
		F9D71F131FDA2D7B00D8A12D = {
			isa = PBXGroup;
			children = (
				F9D71F491FDA306300D8A12D /* RCTSuperModule */,
				F9D71F1D1FDA2D7B00D8A12D /* Products */,
			);
			sourceTree = "<group>";
		};
		F9D71F1D1FDA2D7B00D8A12D /* Products */ = {
			isa = PBXGroup;
			children = (
				F9D71F1C1FDA2D7B00D8A12D /* libRCTSuperModule.a */,
			);
			name = Products;
			sourceTree = "<group>";
		};
		F9D71F491FDA306300D8A12D /* RCTSuperModule */ = {
			isa = PBXGroup;
			children = (
				F9D71F4A1FDA306300D8A12D /* AlipaySDK */,
				F9D71F4D1FDA306300D8A12D /* libWeiboSDK */,
				F9D71F521FDA306300D8A12D /* RCTSuperModule.h */,
				F9D71F531FDA306300D8A12D /* RCTSuperModule.m */,
				F9D71F541FDA306300D8A12D /* TencentSDK */,
				F9D71F571FDA306300D8A12D /* WeChatSDK */,
			);
			path = RCTSuperModule;
			sourceTree = "<group>";
		};
		F9D71F4A1FDA306300D8A12D /* AlipaySDK */ = {
			isa = PBXGroup;
			children = (
				F9C799831FE0B80600493A7E /* AlipaySDK.a */,
				F9C799841FE0B80600493A7E /* AlipaySDK.h */,
				F9C799851FE0B80600493A7E /* APayAuthInfo.h */,
				F9D71F4B1FDA306300D8A12D /* AlipaySDK.bundle */,
			);
			path = AlipaySDK;
			sourceTree = "<group>";
		};
		F9D71F4D1FDA306300D8A12D /* libWeiboSDK */ = {
			isa = PBXGroup;
			children = (
				F9D71F4E1FDA306300D8A12D /* libWeiboSDK.a */,
				F9D71F4F1FDA306300D8A12D /* WBHttpRequest.h */,
				F9D71F501FDA306300D8A12D /* WeiboSDK.bundle */,
				F9D71F511FDA306300D8A12D /* WeiboSDK.h */,
			);
			path = libWeiboSDK;
			sourceTree = "<group>";
		};
		F9D71F541FDA306300D8A12D /* TencentSDK */ = {
			isa = PBXGroup;
			children = (
				F9C7998E1FE0B84E00493A7E /* Resources */,
				F9C7998C1FE0B84E00493A7E /* QQApiInterface.h */,
				F9C7998D1FE0B84E00493A7E /* QQApiInterfaceObject.h */,
				F9C799891FE0B84E00493A7E /* sdkdef.h */,
				F9C799881FE0B84E00493A7E /* TencentApiInterface.h */,
				F9C7998A1FE0B84E00493A7E /* TencentMessageObject.h */,
				F9C799901FE0B84E00493A7E /* TencentOAuth.h */,
				F9C7998B1FE0B84E00493A7E /* TencentOAuthObject.h */,
				F9C799871FE0B84E00493A7E /* TencentOpenAPI.a */,
				F9D71F561FDA306300D8A12D /* TencentOpenApi_IOS_Bundle.bundle */,
			);
			path = TencentSDK;
			sourceTree = "<group>";
		};
		F9D71F571FDA306300D8A12D /* WeChatSDK */ = {
			isa = PBXGroup;
			children = (
				F9D71F581FDA306300D8A12D /* libWeChatSDK.a */,
				F9D71F591FDA306300D8A12D /* README.txt */,
				F9D71F5A1FDA306300D8A12D /* WechatAuthSDK.h */,
				F9D71F5B1FDA306300D8A12D /* WXApi.h */,
				F9D71F5C1FDA306300D8A12D /* WXApiObject.h */,
			);
			path = WeChatSDK;
			sourceTree = "<group>";
		};
/* End PBXGroup section */

/* Begin PBXNativeTarget section */
		F9D71F1B1FDA2D7B00D8A12D /* RCTSuperModule */ = {
			isa = PBXNativeTarget;
			buildConfigurationList = F9D71F251FDA2D7B00D8A12D /* Build configuration list for PBXNativeTarget "RCTSuperModule" */;
			buildPhases = (
				F9D71F181FDA2D7B00D8A12D /* Sources */,
				F9D71F191FDA2D7B00D8A12D /* Frameworks */,
				F9D71F1A1FDA2D7B00D8A12D /* CopyFiles */,
			);
			buildRules = (
			);
			dependencies = (
			);
			name = RCTSuperModule;
			productName = RCTSuperModule;
			productReference = F9D71F1C1FDA2D7B00D8A12D /* libRCTSuperModule.a */;
			productType = "com.apple.product-type.library.static";
		};
/* End PBXNativeTarget section */

/* Begin PBXProject section */
		F9D71F141FDA2D7B00D8A12D /* Project object */ = {
			isa = PBXProject;
			attributes = {
				LastUpgradeCheck = 0900;
				ORGANIZATIONNAME = "爱拼机";
				TargetAttributes = {
					F9D71F1B1FDA2D7B00D8A12D = {
						CreatedOnToolsVersion = 9.0.1;
						ProvisioningStyle = Automatic;
					};
				};
			};
			buildConfigurationList = F9D71F171FDA2D7B00D8A12D /* Build configuration list for PBXProject "RCTSuperModule" */;
			compatibilityVersion = "Xcode 8.0";
			developmentRegion = en;
			hasScannedForEncodings = 0;
			knownRegions = (
				en,
			);
			mainGroup = F9D71F131FDA2D7B00D8A12D;
			productRefGroup = F9D71F1D1FDA2D7B00D8A12D /* Products */;
			projectDirPath = "";
			projectRoot = "";
			targets = (
				F9D71F1B1FDA2D7B00D8A12D /* RCTSuperModule */,
			);
		};
/* End PBXProject section */

/* Begin PBXSourcesBuildPhase section */
		F9D71F181FDA2D7B00D8A12D /* Sources */ = {
			isa = PBXSourcesBuildPhase;
			buildActionMask = 2147483647;
			files = (
				F9D71F5F1FDA306300D8A12D /* RCTSuperModule.m in Sources */,
			);
			runOnlyForDeploymentPostprocessing = 0;
		};
/* End PBXSourcesBuildPhase section */

/* Begin XCBuildConfiguration section */
		F9D71F231FDA2D7B00D8A12D /* Debug */ = {
			isa = XCBuildConfiguration;
			buildSettings = {
				ALWAYS_SEARCH_USER_PATHS = NO;
				CLANG_ANALYZER_NONNULL = YES;
				CLANG_ANALYZER_NUMBER_OBJECT_CONVERSION = YES_AGGRESSIVE;
				CLANG_CXX_LANGUAGE_STANDARD = "gnu++14";
				CLANG_CXX_LIBRARY = "libc++";
				CLANG_ENABLE_MODULES = YES;
				CLANG_ENABLE_OBJC_ARC = YES;
				CLANG_WARN_BLOCK_CAPTURE_AUTORELEASING = YES;
				CLANG_WARN_BOOL_CONVERSION = YES;
				CLANG_WARN_COMMA = YES;
				CLANG_WARN_CONSTANT_CONVERSION = YES;
				CLANG_WARN_DIRECT_OBJC_ISA_USAGE = YES_ERROR;
				CLANG_WARN_DOCUMENTATION_COMMENTS = YES;
				CLANG_WARN_EMPTY_BODY = YES;
				CLANG_WARN_ENUM_CONVERSION = YES;
				CLANG_WARN_INFINITE_RECURSION = YES;
				CLANG_WARN_INT_CONVERSION = YES;
				CLANG_WARN_NON_LITERAL_NULL_CONVERSION = YES;
				CLANG_WARN_OBJC_LITERAL_CONVERSION = YES;
				CLANG_WARN_OBJC_ROOT_CLASS = YES_ERROR;
				CLANG_WARN_RANGE_LOOP_ANALYSIS = YES;
				CLANG_WARN_STRICT_PROTOTYPES = YES;
				CLANG_WARN_SUSPICIOUS_MOVE = YES;
				CLANG_WARN_UNGUARDED_AVAILABILITY = YES_AGGRESSIVE;
				CLANG_WARN_UNREACHABLE_CODE = YES;
				CLANG_WARN__DUPLICATE_METHOD_MATCH = YES;
				CODE_SIGN_IDENTITY = "iPhone Developer";
				COPY_PHASE_STRIP = NO;
				DEBUG_INFORMATION_FORMAT = dwarf;
				ENABLE_STRICT_OBJC_MSGSEND = YES;
				ENABLE_TESTABILITY = YES;
				GCC_C_LANGUAGE_STANDARD = gnu11;
				GCC_DYNAMIC_NO_PIC = NO;
				GCC_NO_COMMON_BLOCKS = YES;
				GCC_OPTIMIZATION_LEVEL = 0;
				GCC_PREPROCESSOR_DEFINITIONS = (
					"DEBUG=1",
					"$(inherited)",
				);
				GCC_WARN_64_TO_32_BIT_CONVERSION = YES;
				GCC_WARN_ABOUT_RETURN_TYPE = YES_ERROR;
				GCC_WARN_UNDECLARED_SELECTOR = YES;
				GCC_WARN_UNINITIALIZED_AUTOS = YES_AGGRESSIVE;
				GCC_WARN_UNUSED_FUNCTION = YES;
				GCC_WARN_UNUSED_VARIABLE = YES;
				IPHONEOS_DEPLOYMENT_TARGET = 8.0;
				MTL_ENABLE_DEBUG_INFO = YES;
				ONLY_ACTIVE_ARCH = YES;
				SDKROOT = iphoneos;
			};
			name = Debug;
		};
		F9D71F241FDA2D7B00D8A12D /* Release */ = {
			isa = XCBuildConfiguration;
			buildSettings = {
				ALWAYS_SEARCH_USER_PATHS = NO;
				CLANG_ANALYZER_NONNULL = YES;
				CLANG_ANALYZER_NUMBER_OBJECT_CONVERSION = YES_AGGRESSIVE;
				CLANG_CXX_LANGUAGE_STANDARD = "gnu++14";
				CLANG_CXX_LIBRARY = "libc++";
				CLANG_ENABLE_MODULES = YES;
				CLANG_ENABLE_OBJC_ARC = YES;
				CLANG_WARN_BLOCK_CAPTURE_AUTORELEASING = YES;
				CLANG_WARN_BOOL_CONVERSION = YES;
				CLANG_WARN_COMMA = YES;
				CLANG_WARN_CONSTANT_CONVERSION = YES;
				CLANG_WARN_DIRECT_OBJC_ISA_USAGE = YES_ERROR;
				CLANG_WARN_DOCUMENTATION_COMMENTS = YES;
				CLANG_WARN_EMPTY_BODY = YES;
				CLANG_WARN_ENUM_CONVERSION = YES;
				CLANG_WARN_INFINITE_RECURSION = YES;
				CLANG_WARN_INT_CONVERSION = YES;
				CLANG_WARN_NON_LITERAL_NULL_CONVERSION = YES;
				CLANG_WARN_OBJC_LITERAL_CONVERSION = YES;
				CLANG_WARN_OBJC_ROOT_CLASS = YES_ERROR;
				CLANG_WARN_RANGE_LOOP_ANALYSIS = YES;
				CLANG_WARN_STRICT_PROTOTYPES = YES;
				CLANG_WARN_SUSPICIOUS_MOVE = YES;
				CLANG_WARN_UNGUARDED_AVAILABILITY = YES_AGGRESSIVE;
				CLANG_WARN_UNREACHABLE_CODE = YES;
				CLANG_WARN__DUPLICATE_METHOD_MATCH = YES;
				CODE_SIGN_IDENTITY = "iPhone Developer";
				COPY_PHASE_STRIP = NO;
				DEBUG_INFORMATION_FORMAT = "dwarf-with-dsym";
				ENABLE_NS_ASSERTIONS = NO;
				ENABLE_STRICT_OBJC_MSGSEND = YES;
				GCC_C_LANGUAGE_STANDARD = gnu11;
				GCC_NO_COMMON_BLOCKS = YES;
				GCC_WARN_64_TO_32_BIT_CONVERSION = YES;
				GCC_WARN_ABOUT_RETURN_TYPE = YES_ERROR;
				GCC_WARN_UNDECLARED_SELECTOR = YES;
				GCC_WARN_UNINITIALIZED_AUTOS = YES_AGGRESSIVE;
				GCC_WARN_UNUSED_FUNCTION = YES;
				GCC_WARN_UNUSED_VARIABLE = YES;
				IPHONEOS_DEPLOYMENT_TARGET = 8.0;
				MTL_ENABLE_DEBUG_INFO = NO;
				SDKROOT = iphoneos;
				VALIDATE_PRODUCT = YES;
			};
			name = Release;
		};
		F9D71F261FDA2D7B00D8A12D /* Debug */ = {
			isa = XCBuildConfiguration;
			buildSettings = {
				CODE_SIGN_STYLE = Automatic;
				FRAMEWORK_SEARCH_PATHS = (
					"$(inherited)",
					"$(PROJECT_DIR)/RCTSuperModule/AlipaySDK",
					"$(PROJECT_DIR)/RCTSuperModule/TencentSDK",
				);
				LIBRARY_SEARCH_PATHS = (
					"$(inherited)",
					"$(PROJECT_DIR)/RCTSuperModule/libWeiboSDK",
					"$(PROJECT_DIR)/RCTSuperModule/WeChatSDK",
					"$(PROJECT_DIR)/RCTSuperModule/AlipaySDK/AlipaySDK",
					"$(PROJECT_DIR)/RCTSuperModule/TencentSDK/TencentOpenAPI",
					"$(PROJECT_DIR)/RCTSuperModule/AlipaySDK",
					"$(PROJECT_DIR)/RCTSuperModule/TencentSDK",
				);
				OTHER_LDFLAGS = "-ObjC";
				PRODUCT_NAME = "$(TARGET_NAME)";
				SKIP_INSTALL = YES;
				TARGETED_DEVICE_FAMILY = "1,2";
			};
			name = Debug;
		};
		F9D71F271FDA2D7B00D8A12D /* Release */ = {
			isa = XCBuildConfiguration;
			buildSettings = {
				CODE_SIGN_STYLE = Automatic;
				FRAMEWORK_SEARCH_PATHS = (
					"$(inherited)",
					"$(PROJECT_DIR)/RCTSuperModule/AlipaySDK",
					"$(PROJECT_DIR)/RCTSuperModule/TencentSDK",
				);
				LIBRARY_SEARCH_PATHS = (
					"$(inherited)",
					"$(PROJECT_DIR)/RCTSuperModule/libWeiboSDK",
					"$(PROJECT_DIR)/RCTSuperModule/WeChatSDK",
					"$(PROJECT_DIR)/RCTSuperModule/AlipaySDK/AlipaySDK",
					"$(PROJECT_DIR)/RCTSuperModule/TencentSDK/TencentOpenAPI",
					"$(PROJECT_DIR)/RCTSuperModule/AlipaySDK",
					"$(PROJECT_DIR)/RCTSuperModule/TencentSDK",
				);
				OTHER_LDFLAGS = "-ObjC";
				PRODUCT_NAME = "$(TARGET_NAME)";
				SKIP_INSTALL = YES;
				TARGETED_DEVICE_FAMILY = "1,2";
			};
			name = Release;
		};
/* End XCBuildConfiguration section */

/* Begin XCConfigurationList section */
		F9D71F171FDA2D7B00D8A12D /* Build configuration list for PBXProject "RCTSuperModule" */ = {
			isa = XCConfigurationList;
			buildConfigurations = (
				F9D71F231FDA2D7B00D8A12D /* Debug */,
				F9D71F241FDA2D7B00D8A12D /* Release */,
			);
			defaultConfigurationIsVisible = 0;
			defaultConfigurationName = Release;
		};
		F9D71F251FDA2D7B00D8A12D /* Build configuration list for PBXNativeTarget "RCTSuperModule" */ = {
			isa = XCConfigurationList;
			buildConfigurations = (
				F9D71F261FDA2D7B00D8A12D /* Debug */,
				F9D71F271FDA2D7B00D8A12D /* Release */,
			);
			defaultConfigurationIsVisible = 0;
			defaultConfigurationName = Release;
		};
/* End XCConfigurationList section */
	};
	rootObject = F9D71F141FDA2D7B00D8A12D /* Project object */;
}
